
Microsoft Visual Studio Solution File, Format Version 12.00
# Visual Studio Version 17
VisualStudioVersion = 17.0.31903.59
MinimumVisualStudioVersion = 10.0.40219.1
Project("{2150E333-8FDC-42A3-9474-1A3956D46DE8}") = "test", "test", "{6FC3EF24-38B9-411F-B231-23613826C035}"
EndProject
Project("{2150E333-8FDC-42A3-9474-1A3956D46DE8}") = "App", "App", "{4FD726B0-9120-441C-9FBA-38EFD352E2FF}"
EndProject
Project("{FAE04EC0-301F-11D3-BF4B-00C04F79EFBC}") = "Transaction.Storage.Srv.App.Core.Aggregates.AssetAggregate.Test", "test\App\Transaction.Storage.Srv.App.Core.Aggregates.Asset.Test\Transaction.Storage.Srv.App.Core.Aggregates.AssetAggregate.Test.csproj", "{5DA85347-5B92-42B9-83D1-360DA204AA8F}"
EndProject
Project("{2150E333-8FDC-42A3-9474-1A3956D46DE8}") = "src", "src", "{97614A0A-653D-444A-BAF8-A03DF8068418}"
EndProject
Project("{2150E333-8FDC-42A3-9474-1A3956D46DE8}") = "Shared", "Shared", "{57714EC3-4B8E-4AAB-9EC5-4C79E845E82F}"
EndProject
Project("{FAE04EC0-301F-11D3-BF4B-00C04F79EFBC}") = "Transcation.Storage.Srv.Shared.Database", "src\Shared\Transcation.Storage.Srv.Shared.Database\Transcation.Storage.Srv.Shared.Database.csproj", "{0ADC095E-3A62-4BFA-A26A-289F68451355}"
EndProject
Project("{2150E333-8FDC-42A3-9474-1A3956D46DE8}") = "App", "App", "{214360D6-D526-4496-9983-A70CE526CDFF}"
EndProject
Project("{FAE04EC0-301F-11D3-BF4B-00C04F79EFBC}") = "Transaction.Storage.Srv.App.Core.Aggregates.AssetAggregate", "src\App\Transaction.Storage.Srv.App.Aggregates.AssetAggregate\Transaction.Storage.Srv.App.Core.Aggregates.AssetAggregate.csproj", "{E7F236D9-549D-45CB-900C-B5480A9937F5}"
EndProject
Global
	GlobalSection(SolutionConfigurationPlatforms) = preSolution
		Debug|Any CPU = Debug|Any CPU
		Release|Any CPU = Release|Any CPU
	EndGlobalSection
	GlobalSection(SolutionProperties) = preSolution
		HideSolutionNode = FALSE
	EndGlobalSection
	GlobalSection(ProjectConfigurationPlatforms) = postSolution
		{5DA85347-5B92-42B9-83D1-360DA204AA8F}.Debug|Any CPU.ActiveCfg = Debug|Any CPU
		{5DA85347-5B92-42B9-83D1-360DA204AA8F}.Debug|Any CPU.Build.0 = Debug|Any CPU
		{5DA85347-5B92-42B9-83D1-360DA204AA8F}.Release|Any CPU.ActiveCfg = Release|Any CPU
		{5DA85347-5B92-42B9-83D1-360DA204AA8F}.Release|Any CPU.Build.0 = Release|Any CPU
		{0ADC095E-3A62-4BFA-A26A-289F68451355}.Debug|Any CPU.ActiveCfg = Debug|Any CPU
		{0ADC095E-3A62-4BFA-A26A-289F68451355}.Debug|Any CPU.Build.0 = Debug|Any CPU
		{0ADC095E-3A62-4BFA-A26A-289F68451355}.Release|Any CPU.ActiveCfg = Release|Any CPU
		{0ADC095E-3A62-4BFA-A26A-289F68451355}.Release|Any CPU.Build.0 = Release|Any CPU
		{E7F236D9-549D-45CB-900C-B5480A9937F5}.Debug|Any CPU.ActiveCfg = Debug|Any CPU
		{E7F236D9-549D-45CB-900C-B5480A9937F5}.Debug|Any CPU.Build.0 = Debug|Any CPU
		{E7F236D9-549D-45CB-900C-B5480A9937F5}.Release|Any CPU.ActiveCfg = Release|Any CPU
		{E7F236D9-549D-45CB-900C-B5480A9937F5}.Release|Any CPU.Build.0 = Release|Any CPU
	EndGlobalSection
	GlobalSection(NestedProjects) = preSolution
		{4FD726B0-9120-441C-9FBA-38EFD352E2FF} = {6FC3EF24-38B9-411F-B231-23613826C035}
		{5DA85347-5B92-42B9-83D1-360DA204AA8F} = {4FD726B0-9120-441C-9FBA-38EFD352E2FF}
		{57714EC3-4B8E-4AAB-9EC5-4C79E845E82F} = {97614A0A-653D-444A-BAF8-A03DF8068418}
		{0ADC095E-3A62-4BFA-A26A-289F68451355} = {57714EC3-4B8E-4AAB-9EC5-4C79E845E82F}
		{214360D6-D526-4496-9983-A70CE526CDFF} = {97614A0A-653D-444A-BAF8-A03DF8068418}
		{E7F236D9-549D-45CB-900C-B5480A9937F5} = {214360D6-D526-4496-9983-A70CE526CDFF}
	EndGlobalSection
EndGlobal
