
Microsoft Visual Studio Solution File, Format Version 12.00
# Visual Studio Version 17
VisualStudioVersion = 17.0.31903.59
MinimumVisualStudioVersion = 10.0.40219.1
Project("{2150E333-8FDC-42A3-9474-1A3956D46DE8}") = "src", "src", "{30032F90-D4B5-4AEB-9F69-1410965AF697}"
EndProject
Project("{2150E333-8FDC-42A3-9474-1A3956D46DE8}") = "Configurations", "Configurations", "{B8FFD0AA-8994-46C5-A735-EE3FD2605029}"
EndProject
Project("{2150E333-8FDC-42A3-9474-1A3956D46DE8}") = "test", "test", "{F17CBBE3-075B-4432-9A1A-6A41AF0687AB}"
EndProject
Project("{2150E333-8FDC-42A3-9474-1A3956D46DE8}") = "App", "App", "{CEF995E0-EC5C-4E16-91FB-6C3036CB5AD7}"
EndProject
Project("{2150E333-8FDC-42A3-9474-1A3956D46DE8}") = "Shared", "Shared", "{BDC1B518-8969-4B89-95CA-5473284D84E3}"
	ProjectSection(SolutionItems) = preProject
	EndProjectSection
EndProject
Project("{FAE04EC0-301F-11D3-BF4B-00C04F79EFBC}") = "Transaction.Storage.Srv.Shared.Database", "src\Shared\Transaction.Storage.Srv.Shared.Database\Transaction.Storage.Srv.Shared.Database.csproj", "{76ED9737-EA4B-41F0-94AB-D889F0A482F6}"
EndProject
Project("{2150E333-8FDC-42A3-9474-1A3956D46DE8}") = "App", "App", "{0830D399-4688-4E3A-AB2F-D365FA86202B}"
EndProject
Project("{FAE04EC0-301F-11D3-BF4B-00C04F79EFBC}") = "Transaction.Storage.Srv.App.Core.Aggregates.AssetAggregate", "src\App\Transaction.Storage.Srv.App.Aggregates.AssetAggregate\Transaction.Storage.Srv.App.Core.Aggregates.AssetAggregate.csproj", "{740E386B-CCD3-4906-B713-9D493EDA9D79}"
EndProject
Project("{2150E333-8FDC-42A3-9474-1A3956D46DE8}") = "DataBase", "DataBase", "{8F9EF81A-9988-4264-B5F6-1BB2E0F82CB4}"
EndProject
Project("{FAE04EC0-301F-11D3-BF4B-00C04F79EFBC}") = "Transaction.Storage.Srv.Configurations.DataBase.Migrations.Factory", "src\Configurations\DataBase\Transaction.Storage.Srv.Configurations.DataBase.Migrations.Factory\Transaction.Storage.Srv.Configurations.DataBase.Migrations.Factory.csproj", "{855439E7-6EA9-41CC-9A47-A16E2F947827}"
EndProject
Project("{FAE04EC0-301F-11D3-BF4B-00C04F79EFBC}") = "Transaction.Storage.Srv.Configurations.DataBase", "src\Configurations\DataBase\Transaction.Storage.Srv.Configurations.DataBase\Transaction.Storage.Srv.Configurations.DataBase.csproj", "{4C06590D-7C89-438E-92C3-5169FCBC4151}"
EndProject
Project("{2150E333-8FDC-42A3-9474-1A3956D46DE8}") = "Api", "Api", "{A077B25C-22DC-4071-B470-30B841A10BF7}"
EndProject
Project("{FAE04EC0-301F-11D3-BF4B-00C04F79EFBC}") = "Transaction.Storage.Srv.API.WebApi", "src\Api\Transaction.Storage.Srv.API.WebApi\Transaction.Storage.Srv.API.WebApi.csproj", "{BF02298A-7C26-4009-8B68-8A80BEDBCF4C}"
EndProject
Project("{FAE04EC0-301F-11D3-BF4B-00C04F79EFBC}") = "Transaction.Storage.Srv.App", "src\App\Transaction.Storage.Srv.App\Transaction.Storage.Srv.App.csproj", "{C3F16DF2-CA01-4EE8-9F4A-A8FE1D45A326}"
EndProject
Project("{FAE04EC0-301F-11D3-BF4B-00C04F79EFBC}") = "Transaction.Storage.Srv.App.Core.Aggregates.AccountAggregate", "src\App\Transaction.Storage.Srv.App.Core.Aggregates.AccountAggregate\Transaction.Storage.Srv.App.Core.Aggregates.AccountAggregate.csproj", "{9F6A778D-33A3-4487-8343-7070A309738E}"
EndProject
Project("{FAE04EC0-301F-11D3-BF4B-00C04F79EFBC}") = "Transaction.Storage.Srv.Shared.Validators", "src\Shared\Transaction.Storage.Srv.Shared.Validators\Transaction.Storage.Srv.Shared.Validators.csproj", "{5C56CBA8-8042-4753-BC37-927B26649F53}"
EndProject
Project("{2150E333-8FDC-42A3-9474-1A3956D46DE8}") = "Shared", "Shared", "{522D4283-6CFD-4FA3-918F-60546E439E2C}"
EndProject
Project("{FAE04EC0-301F-11D3-BF4B-00C04F79EFBC}") = "Transaction.Storage.Srv.Shared.Database.Test", "test\Shared\Transaction.Storage.Srv.Shared.Database.Test\Transaction.Storage.Srv.Shared.Database.Test.csproj", "{E4DBCF71-9783-4542-B6FB-7D945DE848C0}"
EndProject
Project("{FAE04EC0-301F-11D3-BF4B-00C04F79EFBC}") = "Transaction.Storage.Srv.Shared.Events", "src\Shared\Transaction.Storage.Srv.Shared.Events\Transaction.Storage.Srv.Shared.Events.csproj", "{00169B6E-673B-4CAA-9F22-BF31B747D2A6}"
EndProject
Project("{FAE04EC0-301F-11D3-BF4B-00C04F79EFBC}") = "Transaction.Storage.Srv.App.Core.Aggregates.AccountAggregate.Test", "test\App\Transaction.Storage.Srv.App.Core.Aggregates.AccountAggregate.Test\Transaction.Storage.Srv.App.Core.Aggregates.AccountAggregate.Test.csproj", "{2FB6D6B0-FACD-4F6F-AC2E-3E22174BBDCD}"
EndProject
Project("{2150E333-8FDC-42A3-9474-1A3956D46DE8}") = "Configurations", "Configurations", "{A73A3166-22EF-471B-AEBA-DC9FF00DB9E8}"
EndProject
Project("{FAE04EC0-301F-11D3-BF4B-00C04F79EFBC}") = "Transaction.Storage.Srv.Configurations.DataBase.Test", "test\Configurations\Transaction.Storage.Srv.Configurations.DataBase.Test\Transaction.Storage.Srv.Configurations.DataBase.Test.csproj", "{05386E10-AD16-4986-9FC4-0575AE7F1D1F}"
EndProject
Project("{FAE04EC0-301F-11D3-BF4B-00C04F79EFBC}") = "Transaction.Storage.Srv.App.Core.Aggregates.TransactionAggregate", "src\App\Transaction.Storage.Srv.App.Core.Aggregates.TransactionAggregate\Transaction.Storage.Srv.App.Core.Aggregates.TransactionAggregate.csproj", "{EAF09D71-D7AF-4594-9BCD-85A93475786C}"
EndProject
Project("{FAE04EC0-301F-11D3-BF4B-00C04F79EFBC}") = "Transaction.Storage.Srv.App.Test", "test\App\Transaction.Storage.Srv.App.Test\Transaction.Storage.Srv.App.Test.csproj", "{4D907D7E-DA92-4688-B7EE-B2DCFB912587}"
EndProject
Project("{FAE04EC0-301F-11D3-BF4B-00C04F79EFBC}") = "Transaction.Storage.Srv.App.Core.Aggregates.AssetAggregate.Test", "test\App\Transaction.Storage.Srv.App.Core.Aggregates.AssetAggregate.Test\Transaction.Storage.Srv.App.Core.Aggregates.AssetAggregate.Test.csproj", "{222C332C-A13E-49C8-A1E0-5382CE95EAC9}"
EndProject
Project("{FAE04EC0-301F-11D3-BF4B-00C04F79EFBC}") = "Transaction.Storage.Srv.Shared.Model", "src\Shared\Transaction.Storage.Srv.Shared.Model\Transaction.Storage.Srv.Shared.Model.csproj", "{9C802A8C-4CC2-414A-8DE0-5016F4D7E757}"
EndProject
Project("{2150E333-8FDC-42A3-9474-1A3956D46DE8}") = "tools", "tools", "{4FFD3E99-9A20-47C2-80C0-B76F9D4995AE}"
EndProject
Project("{FAE04EC0-301F-11D3-BF4B-00C04F79EFBC}") = "Transaction.Storage.Srv.Test.Tools", "test\tools\Transaction.Storage.Srv.Test.Tools\Transaction.Storage.Srv.Test.Tools.csproj", "{3CB88D38-C535-49E7-867E-83C12BA37AA0}"
EndProject
Project("{FAE04EC0-301F-11D3-BF4B-00C04F79EFBC}") = "Transaction.Storage.Srv.App.Core.Aggregates.BudgetAggregate", "src\App\Transaction.Storage.Srv.App.Core.Aggregates.BudgetAggregate\Transaction.Storage.Srv.App.Core.Aggregates.BudgetAggregate.csproj", "{C8D31331-783C-417C-82DC-F0231E13F600}"
EndProject
Project("{FAE04EC0-301F-11D3-BF4B-00C04F79EFBC}") = "Transaction.Storage.Srv.App.Core.Aggregates.BudgetAggregate.Test", "test\App\Transaction.Storage.Srv.App.Core.Aggregates.BudgetAggregate.Test\Transaction.Storage.Srv.App.Core.Aggregates.BudgetAggregate.Test.csproj", "{3712556C-1636-4C4B-A9FF-AEA504BFDD3C}"
EndProject
Global
	GlobalSection(SolutionConfigurationPlatforms) = preSolution
		Debug|Any CPU = Debug|Any CPU
		Release|Any CPU = Release|Any CPU
	EndGlobalSection
	GlobalSection(SolutionProperties) = preSolution
		HideSolutionNode = FALSE
	EndGlobalSection
	GlobalSection(ProjectConfigurationPlatforms) = postSolution
		{76ED9737-EA4B-41F0-94AB-D889F0A482F6}.Debug|Any CPU.ActiveCfg = Debug|Any CPU
		{76ED9737-EA4B-41F0-94AB-D889F0A482F6}.Debug|Any CPU.Build.0 = Debug|Any CPU
		{76ED9737-EA4B-41F0-94AB-D889F0A482F6}.Release|Any CPU.ActiveCfg = Release|Any CPU
		{76ED9737-EA4B-41F0-94AB-D889F0A482F6}.Release|Any CPU.Build.0 = Release|Any CPU
		{740E386B-CCD3-4906-B713-9D493EDA9D79}.Debug|Any CPU.ActiveCfg = Debug|Any CPU
		{740E386B-CCD3-4906-B713-9D493EDA9D79}.Debug|Any CPU.Build.0 = Debug|Any CPU
		{740E386B-CCD3-4906-B713-9D493EDA9D79}.Release|Any CPU.ActiveCfg = Release|Any CPU
		{740E386B-CCD3-4906-B713-9D493EDA9D79}.Release|Any CPU.Build.0 = Release|Any CPU
		{855439E7-6EA9-41CC-9A47-A16E2F947827}.Debug|Any CPU.ActiveCfg = Debug|Any CPU
		{855439E7-6EA9-41CC-9A47-A16E2F947827}.Debug|Any CPU.Build.0 = Debug|Any CPU
		{855439E7-6EA9-41CC-9A47-A16E2F947827}.Release|Any CPU.ActiveCfg = Release|Any CPU
		{855439E7-6EA9-41CC-9A47-A16E2F947827}.Release|Any CPU.Build.0 = Release|Any CPU
		{4C06590D-7C89-438E-92C3-5169FCBC4151}.Debug|Any CPU.ActiveCfg = Debug|Any CPU
		{4C06590D-7C89-438E-92C3-5169FCBC4151}.Debug|Any CPU.Build.0 = Debug|Any CPU
		{4C06590D-7C89-438E-92C3-5169FCBC4151}.Release|Any CPU.ActiveCfg = Release|Any CPU
		{4C06590D-7C89-438E-92C3-5169FCBC4151}.Release|Any CPU.Build.0 = Release|Any CPU
		{BF02298A-7C26-4009-8B68-8A80BEDBCF4C}.Debug|Any CPU.ActiveCfg = Debug|Any CPU
		{BF02298A-7C26-4009-8B68-8A80BEDBCF4C}.Debug|Any CPU.Build.0 = Debug|Any CPU
		{BF02298A-7C26-4009-8B68-8A80BEDBCF4C}.Release|Any CPU.ActiveCfg = Release|Any CPU
		{BF02298A-7C26-4009-8B68-8A80BEDBCF4C}.Release|Any CPU.Build.0 = Release|Any CPU
		{C3F16DF2-CA01-4EE8-9F4A-A8FE1D45A326}.Debug|Any CPU.ActiveCfg = Debug|Any CPU
		{C3F16DF2-CA01-4EE8-9F4A-A8FE1D45A326}.Debug|Any CPU.Build.0 = Debug|Any CPU
		{C3F16DF2-CA01-4EE8-9F4A-A8FE1D45A326}.Release|Any CPU.ActiveCfg = Release|Any CPU
		{C3F16DF2-CA01-4EE8-9F4A-A8FE1D45A326}.Release|Any CPU.Build.0 = Release|Any CPU
		{9F6A778D-33A3-4487-8343-7070A309738E}.Debug|Any CPU.ActiveCfg = Debug|Any CPU
		{9F6A778D-33A3-4487-8343-7070A309738E}.Debug|Any CPU.Build.0 = Debug|Any CPU
		{9F6A778D-33A3-4487-8343-7070A309738E}.Release|Any CPU.ActiveCfg = Release|Any CPU
		{9F6A778D-33A3-4487-8343-7070A309738E}.Release|Any CPU.Build.0 = Release|Any CPU
		{5C56CBA8-8042-4753-BC37-927B26649F53}.Debug|Any CPU.ActiveCfg = Debug|Any CPU
		{5C56CBA8-8042-4753-BC37-927B26649F53}.Debug|Any CPU.Build.0 = Debug|Any CPU
		{5C56CBA8-8042-4753-BC37-927B26649F53}.Release|Any CPU.ActiveCfg = Release|Any CPU
		{5C56CBA8-8042-4753-BC37-927B26649F53}.Release|Any CPU.Build.0 = Release|Any CPU
		{E4DBCF71-9783-4542-B6FB-7D945DE848C0}.Debug|Any CPU.ActiveCfg = Debug|Any CPU
		{E4DBCF71-9783-4542-B6FB-7D945DE848C0}.Debug|Any CPU.Build.0 = Debug|Any CPU
		{E4DBCF71-9783-4542-B6FB-7D945DE848C0}.Release|Any CPU.ActiveCfg = Release|Any CPU
		{E4DBCF71-9783-4542-B6FB-7D945DE848C0}.Release|Any CPU.Build.0 = Release|Any CPU
		{00169B6E-673B-4CAA-9F22-BF31B747D2A6}.Debug|Any CPU.ActiveCfg = Debug|Any CPU
		{00169B6E-673B-4CAA-9F22-BF31B747D2A6}.Debug|Any CPU.Build.0 = Debug|Any CPU
		{00169B6E-673B-4CAA-9F22-BF31B747D2A6}.Release|Any CPU.ActiveCfg = Release|Any CPU
		{00169B6E-673B-4CAA-9F22-BF31B747D2A6}.Release|Any CPU.Build.0 = Release|Any CPU
		{2FB6D6B0-FACD-4F6F-AC2E-3E22174BBDCD}.Debug|Any CPU.ActiveCfg = Debug|Any CPU
		{2FB6D6B0-FACD-4F6F-AC2E-3E22174BBDCD}.Debug|Any CPU.Build.0 = Debug|Any CPU
		{2FB6D6B0-FACD-4F6F-AC2E-3E22174BBDCD}.Release|Any CPU.ActiveCfg = Release|Any CPU
		{2FB6D6B0-FACD-4F6F-AC2E-3E22174BBDCD}.Release|Any CPU.Build.0 = Release|Any CPU
		{05386E10-AD16-4986-9FC4-0575AE7F1D1F}.Debug|Any CPU.ActiveCfg = Debug|Any CPU
		{05386E10-AD16-4986-9FC4-0575AE7F1D1F}.Debug|Any CPU.Build.0 = Debug|Any CPU
		{05386E10-AD16-4986-9FC4-0575AE7F1D1F}.Release|Any CPU.ActiveCfg = Release|Any CPU
		{05386E10-AD16-4986-9FC4-0575AE7F1D1F}.Release|Any CPU.Build.0 = Release|Any CPU
		{EAF09D71-D7AF-4594-9BCD-85A93475786C}.Debug|Any CPU.ActiveCfg = Debug|Any CPU
		{EAF09D71-D7AF-4594-9BCD-85A93475786C}.Debug|Any CPU.Build.0 = Debug|Any CPU
		{EAF09D71-D7AF-4594-9BCD-85A93475786C}.Release|Any CPU.ActiveCfg = Release|Any CPU
		{EAF09D71-D7AF-4594-9BCD-85A93475786C}.Release|Any CPU.Build.0 = Release|Any CPU
		{4D907D7E-DA92-4688-B7EE-B2DCFB912587}.Debug|Any CPU.ActiveCfg = Debug|Any CPU
		{4D907D7E-DA92-4688-B7EE-B2DCFB912587}.Debug|Any CPU.Build.0 = Debug|Any CPU
		{4D907D7E-DA92-4688-B7EE-B2DCFB912587}.Release|Any CPU.ActiveCfg = Release|Any CPU
		{4D907D7E-DA92-4688-B7EE-B2DCFB912587}.Release|Any CPU.Build.0 = Release|Any CPU
		{222C332C-A13E-49C8-A1E0-5382CE95EAC9}.Debug|Any CPU.ActiveCfg = Debug|Any CPU
		{222C332C-A13E-49C8-A1E0-5382CE95EAC9}.Debug|Any CPU.Build.0 = Debug|Any CPU
		{222C332C-A13E-49C8-A1E0-5382CE95EAC9}.Release|Any CPU.ActiveCfg = Release|Any CPU
		{222C332C-A13E-49C8-A1E0-5382CE95EAC9}.Release|Any CPU.Build.0 = Release|Any CPU
		{9C802A8C-4CC2-414A-8DE0-5016F4D7E757}.Debug|Any CPU.ActiveCfg = Debug|Any CPU
		{9C802A8C-4CC2-414A-8DE0-5016F4D7E757}.Debug|Any CPU.Build.0 = Debug|Any CPU
		{9C802A8C-4CC2-414A-8DE0-5016F4D7E757}.Release|Any CPU.ActiveCfg = Release|Any CPU
		{9C802A8C-4CC2-414A-8DE0-5016F4D7E757}.Release|Any CPU.Build.0 = Release|Any CPU
		{DC4351A8-0B7B-4DE2-AF0D-E12458C756BD}.Debug|Any CPU.ActiveCfg = Debug|Any CPU
		{DC4351A8-0B7B-4DE2-AF0D-E12458C756BD}.Debug|Any CPU.Build.0 = Debug|Any CPU
		{DC4351A8-0B7B-4DE2-AF0D-E12458C756BD}.Release|Any CPU.ActiveCfg = Release|Any CPU
		{DC4351A8-0B7B-4DE2-AF0D-E12458C756BD}.Release|Any CPU.Build.0 = Release|Any CPU
		{3CB88D38-C535-49E7-867E-83C12BA37AA0}.Debug|Any CPU.ActiveCfg = Debug|Any CPU
		{3CB88D38-C535-49E7-867E-83C12BA37AA0}.Debug|Any CPU.Build.0 = Debug|Any CPU
		{3CB88D38-C535-49E7-867E-83C12BA37AA0}.Release|Any CPU.ActiveCfg = Release|Any CPU
		{3CB88D38-C535-49E7-867E-83C12BA37AA0}.Release|Any CPU.Build.0 = Release|Any CPU
		{C8D31331-783C-417C-82DC-F0231E13F600}.Debug|Any CPU.ActiveCfg = Debug|Any CPU
		{C8D31331-783C-417C-82DC-F0231E13F600}.Debug|Any CPU.Build.0 = Debug|Any CPU
		{C8D31331-783C-417C-82DC-F0231E13F600}.Release|Any CPU.ActiveCfg = Release|Any CPU
		{C8D31331-783C-417C-82DC-F0231E13F600}.Release|Any CPU.Build.0 = Release|Any CPU
		{3712556C-1636-4C4B-A9FF-AEA504BFDD3C}.Debug|Any CPU.ActiveCfg = Debug|Any CPU
		{3712556C-1636-4C4B-A9FF-AEA504BFDD3C}.Debug|Any CPU.Build.0 = Debug|Any CPU
		{3712556C-1636-4C4B-A9FF-AEA504BFDD3C}.Release|Any CPU.ActiveCfg = Release|Any CPU
		{3712556C-1636-4C4B-A9FF-AEA504BFDD3C}.Release|Any CPU.Build.0 = Release|Any CPU
	EndGlobalSection
	GlobalSection(NestedProjects) = preSolution
		{B8FFD0AA-8994-46C5-A735-EE3FD2605029} = {30032F90-D4B5-4AEB-9F69-1410965AF697}
		{CEF995E0-EC5C-4E16-91FB-6C3036CB5AD7} = {F17CBBE3-075B-4432-9A1A-6A41AF0687AB}
		{BDC1B518-8969-4B89-95CA-5473284D84E3} = {30032F90-D4B5-4AEB-9F69-1410965AF697}
		{76ED9737-EA4B-41F0-94AB-D889F0A482F6} = {BDC1B518-8969-4B89-95CA-5473284D84E3}
		{0830D399-4688-4E3A-AB2F-D365FA86202B} = {30032F90-D4B5-4AEB-9F69-1410965AF697}
		{740E386B-CCD3-4906-B713-9D493EDA9D79} = {0830D399-4688-4E3A-AB2F-D365FA86202B}
		{8F9EF81A-9988-4264-B5F6-1BB2E0F82CB4} = {B8FFD0AA-8994-46C5-A735-EE3FD2605029}
		{855439E7-6EA9-41CC-9A47-A16E2F947827} = {8F9EF81A-9988-4264-B5F6-1BB2E0F82CB4}
		{4C06590D-7C89-438E-92C3-5169FCBC4151} = {8F9EF81A-9988-4264-B5F6-1BB2E0F82CB4}
		{A077B25C-22DC-4071-B470-30B841A10BF7} = {30032F90-D4B5-4AEB-9F69-1410965AF697}
		{BF02298A-7C26-4009-8B68-8A80BEDBCF4C} = {A077B25C-22DC-4071-B470-30B841A10BF7}
		{C3F16DF2-CA01-4EE8-9F4A-A8FE1D45A326} = {0830D399-4688-4E3A-AB2F-D365FA86202B}
		{9F6A778D-33A3-4487-8343-7070A309738E} = {0830D399-4688-4E3A-AB2F-D365FA86202B}
		{5C56CBA8-8042-4753-BC37-927B26649F53} = {BDC1B518-8969-4B89-95CA-5473284D84E3}
		{522D4283-6CFD-4FA3-918F-60546E439E2C} = {F17CBBE3-075B-4432-9A1A-6A41AF0687AB}
		{E4DBCF71-9783-4542-B6FB-7D945DE848C0} = {522D4283-6CFD-4FA3-918F-60546E439E2C}
		{00169B6E-673B-4CAA-9F22-BF31B747D2A6} = {BDC1B518-8969-4B89-95CA-5473284D84E3}
		{2FB6D6B0-FACD-4F6F-AC2E-3E22174BBDCD} = {CEF995E0-EC5C-4E16-91FB-6C3036CB5AD7}
		{A73A3166-22EF-471B-AEBA-DC9FF00DB9E8} = {F17CBBE3-075B-4432-9A1A-6A41AF0687AB}
		{05386E10-AD16-4986-9FC4-0575AE7F1D1F} = {A73A3166-22EF-471B-AEBA-DC9FF00DB9E8}
		{EAF09D71-D7AF-4594-9BCD-85A93475786C} = {0830D399-4688-4E3A-AB2F-D365FA86202B}
		{4D907D7E-DA92-4688-B7EE-B2DCFB912587} = {CEF995E0-EC5C-4E16-91FB-6C3036CB5AD7}
		{222C332C-A13E-49C8-A1E0-5382CE95EAC9} = {CEF995E0-EC5C-4E16-91FB-6C3036CB5AD7}
		{9C802A8C-4CC2-414A-8DE0-5016F4D7E757} = {BDC1B518-8969-4B89-95CA-5473284D84E3}
		{4FFD3E99-9A20-47C2-80C0-B76F9D4995AE} = {F17CBBE3-075B-4432-9A1A-6A41AF0687AB}
		{3CB88D38-C535-49E7-867E-83C12BA37AA0} = {4FFD3E99-9A20-47C2-80C0-B76F9D4995AE}
		{C8D31331-783C-417C-82DC-F0231E13F600} = {0830D399-4688-4E3A-AB2F-D365FA86202B}
		{3712556C-1636-4C4B-A9FF-AEA504BFDD3C} = {CEF995E0-EC5C-4E16-91FB-6C3036CB5AD7}
	EndGlobalSection
EndGlobal
