
Microsoft Visual Studio Solution File, Format Version 12.00
# Visual Studio Version 17
VisualStudioVersion = 17.0.31903.59
MinimumVisualStudioVersion = 10.0.40219.1
Project("{2150E333-8FDC-42A3-9474-1A3956D46DE8}") = "src", "src", "{DF7BA0D6-3797-4D3F-9FD5-E68D20F757E7}"
EndProject
Project("{2150E333-8FDC-42A3-9474-1A3956D46DE8}") = "Shared", "Shared", "{227C19D0-B594-42D4-B4E3-2EBB108D24C4}"
EndProject
Project("{FAE04EC0-301F-11D3-BF4B-00C04F79EFBC}") = "Transaction.Storage.Srv.Shared.Model", "src\Shared\Transaction.Storage.Srv.Shared.Model\Transaction.Storage.Srv.Shared.Model.csproj", "{E6CC5680-92AD-4358-B8A5-A6C0A2DE2F7B}"
EndProject
Project("{FAE04EC0-301F-11D3-BF4B-00C04F79EFBC}") = "Transaction.Storage.Srv.Shared.Validators", "src\Shared\Transaction.Storage.Srv.Shared.Validators\Transaction.Storage.Srv.Shared.Validators.csproj", "{50608113-F006-4711-9831-2CB60754E767}"
EndProject
Project("{FAE04EC0-301F-11D3-BF4B-00C04F79EFBC}") = "Transaction.Storage.Srv.Shared.Events", "src\Shared\Transaction.Storage.Srv.Shared.Events\Transaction.Storage.Srv.Shared.Events.csproj", "{D02209D7-DE60-44D5-97F2-86A8ACF53FC9}"
EndProject
Project("{FAE04EC0-301F-11D3-BF4B-00C04F79EFBC}") = "Transaction.Storage.Srv.Shared.Database", "src\Shared\Transaction.Storage.Srv.Shared.Database\Transaction.Storage.Srv.Shared.Database.csproj", "{2C322E36-BD75-4BD4-95DF-8938CCB43FF5}"
EndProject
Project("{2150E333-8FDC-42A3-9474-1A3956D46DE8}") = "App", "App", "{072B3724-95D6-44A8-914C-0319E8E74C7B}"
EndProject
Project("{2150E333-8FDC-42A3-9474-1A3956D46DE8}") = "Components", "Components", "{30ABB99A-CE33-444C-BB90-ED282C29D774}"
EndProject
Project("{FAE04EC0-301F-11D3-BF4B-00C04F79EFBC}") = "Transaction.Storage.Srv.App.Components.AccountComponent", "src\App\Components\Transaction.Storage.Srv.App.Components.AccountComponent\Transaction.Storage.Srv.App.Components.AccountComponent.csproj", "{40CD4528-71C0-4722-8362-9390DE369078}"
EndProject
Project("{FAE04EC0-301F-11D3-BF4B-00C04F79EFBC}") = "Transaction.Storage.Srv.App.Components.AssetComponent", "src\App\Components\Transaction.Storage.Srv.App.Components.AssetComponent\Transaction.Storage.Srv.App.Components.AssetComponent.csproj", "{021CB1B1-1178-476F-9D40-EA3D228F5F90}"
EndProject
Project("{FAE04EC0-301F-11D3-BF4B-00C04F79EFBC}") = "Transaction.Storage.Srv.App.Components.BudgetComponent", "src\App\Components\Transaction.Storage.Srv.App.Components.BudgetComponent\Transaction.Storage.Srv.App.Components.BudgetComponent.csproj", "{250DF0E2-BEA1-4B79-90E2-BE532A128F17}"
EndProject
Project("{FAE04EC0-301F-11D3-BF4B-00C04F79EFBC}") = "Transaction.Storage.Srv.App.Components.CategoryComponent", "src\App\Components\Transaction.Storage.Srv.App.Components.CategoryComponent\Transaction.Storage.Srv.App.Components.CategoryComponent.csproj", "{547A1439-7150-4DDD-847A-BF0E7A7842F2}"
EndProject
Project("{FAE04EC0-301F-11D3-BF4B-00C04F79EFBC}") = "Transaction.Storage.Srv.App.Components.TransactionComponent", "src\App\Components\Transaction.Storage.Srv.App.Components.TransactionComponent\Transaction.Storage.Srv.App.Components.TransactionComponent.csproj", "{03D47990-A7A5-4829-969E-C7A95D0CBFD6}"
EndProject
Project("{2150E333-8FDC-42A3-9474-1A3956D46DE8}") = "Configurations", "Configurations", "{F0AEA6AB-F498-4516-BB96-C2B8E3ECB44D}"
EndProject
Project("{2150E333-8FDC-42A3-9474-1A3956D46DE8}") = "DataBase", "DataBase", "{E6EE1BB6-2FC6-4C59-8764-364AC76A46E7}"
EndProject
Project("{FAE04EC0-301F-11D3-BF4B-00C04F79EFBC}") = "Transaction.Storage.Srv.Configurations.DataBase", "src\Configurations\DataBase\Transaction.Storage.Srv.Configurations.DataBase\Transaction.Storage.Srv.Configurations.DataBase.csproj", "{135DD4AB-B845-4535-9BB0-02A7A7D40AED}"
EndProject
Project("{FAE04EC0-301F-11D3-BF4B-00C04F79EFBC}") = "Transaction.Storage.Srv.Configurations.DataBase.Migrations.Factory", "src\Configurations\DataBase\Transaction.Storage.Srv.Configurations.DataBase.Migrations.Factory\Transaction.Storage.Srv.Configurations.DataBase.Migrations.Factory.csproj", "{A58FA423-4AD6-4853-BD6D-7D26429AA6FC}"
EndProject
Project("{FAE04EC0-301F-11D3-BF4B-00C04F79EFBC}") = "Transaction.Storage.Srv.App", "src\App\Transaction.Storage.Srv.App\Transaction.Storage.Srv.App.csproj", "{D1599D95-DA9A-4BA7-915A-E1D58BAC5F5F}"
EndProject
Project("{2150E333-8FDC-42A3-9474-1A3956D46DE8}") = "Api", "Api", "{F919BF7C-E1E5-49B3-A274-C4CFF3BCBB4F}"
EndProject
Project("{FAE04EC0-301F-11D3-BF4B-00C04F79EFBC}") = "Transaction.Storage.Srv.API.WebApi", "src\Api\Transaction.Storage.Srv.API.WebApi\Transaction.Storage.Srv.API.WebApi.csproj", "{A88D6DB7-8B46-4657-88EB-E8EDEFF7B8F8}"
EndProject
Project("{2150E333-8FDC-42A3-9474-1A3956D46DE8}") = "test", "test", "{3A4B819B-9C8F-47A7-B306-02610B49FF5B}"
EndProject
Project("{2150E333-8FDC-42A3-9474-1A3956D46DE8}") = "tools", "tools", "{53BC4D18-0094-4A74-880C-B1C528D97E43}"
EndProject
Project("{FAE04EC0-301F-11D3-BF4B-00C04F79EFBC}") = "Transaction.Storage.Srv.Test.Tools", "test\tools\Transaction.Storage.Srv.Test.Tools\Transaction.Storage.Srv.Test.Tools.csproj", "{DF21FC8C-B8F5-425A-A7CE-360845B79704}"
EndProject
Project("{2150E333-8FDC-42A3-9474-1A3956D46DE8}") = "Shared", "Shared", "{AE559D76-659E-46E1-AEEE-D6E5E06DAD37}"
EndProject
Project("{FAE04EC0-301F-11D3-BF4B-00C04F79EFBC}") = "Transaction.Storage.Srv.Shared.Database.Test", "test\Shared\Transaction.Storage.Srv.Shared.Database.Test\Transaction.Storage.Srv.Shared.Database.Test.csproj", "{AFD61500-56AF-497C-866B-BC35EBB8B5DC}"
EndProject
Project("{2150E333-8FDC-42A3-9474-1A3956D46DE8}") = "Configurations", "Configurations", "{EC46BD33-C0BC-482D-B535-62FB37086E4D}"
EndProject
Project("{FAE04EC0-301F-11D3-BF4B-00C04F79EFBC}") = "Transaction.Storage.Srv.Configurations.DataBase.Test", "test\Configurations\Transaction.Storage.Srv.Configurations.DataBase.Test\Transaction.Storage.Srv.Configurations.DataBase.Test.csproj", "{A77D220D-95A1-4D98-8808-D8172862B506}"
EndProject
Project("{2150E333-8FDC-42A3-9474-1A3956D46DE8}") = "App", "App", "{2B80C676-B6FE-4685-A238-2CA4CC3ADCB6}"
EndProject
Project("{FAE04EC0-301F-11D3-BF4B-00C04F79EFBC}") = "Transaction.Storage.Srv.App.Test", "test\App\Transaction.Storage.Srv.App.Test\Transaction.Storage.Srv.App.Test.csproj", "{9F66E7C0-7932-4829-B123-050F5CAB83A8}"
EndProject
Project("{2150E333-8FDC-42A3-9474-1A3956D46DE8}") = "Components", "Components", "{A73659EC-E92C-49EE-99C2-DD028B71E323}"
EndProject
Project("{FAE04EC0-301F-11D3-BF4B-00C04F79EFBC}") = "Transaction.Storage.Srv.App.Components.AccountComponent.Test", "test\App\Components\Transaction.Storage.Srv.App.Components.AccountComponent.Test\Transaction.Storage.Srv.App.Components.AccountComponent.Test.csproj", "{1EF5CD6E-10C2-44DF-BBCA-3171F8328E3A}"
EndProject
Project("{FAE04EC0-301F-11D3-BF4B-00C04F79EFBC}") = "Transaction.Storage.Srv.App.Components.AssetComponent.Test", "test\App\Components\Transaction.Storage.Srv.App.Components.AssetComponent.Test\Transaction.Storage.Srv.App.Components.AssetComponent.Test.csproj", "{6A0A513C-F072-4ADF-B182-828958601B65}"
EndProject
Project("{FAE04EC0-301F-11D3-BF4B-00C04F79EFBC}") = "Transaction.Storage.Srv.App.Components.BudgetComponent.Test", "test\App\Components\Transaction.Storage.Srv.App.Components.BudgetComponent.Test\Transaction.Storage.Srv.App.Components.BudgetComponent.Test.csproj", "{732C0905-EDC1-4FF9-B4BF-5CB822B0FCA8}"
EndProject
Project("{FAE04EC0-301F-11D3-BF4B-00C04F79EFBC}") = "Transaction.Storage.Srv.App.Components.CategoryComponent.Test", "test\App\Components\Transaction.Storage.Srv.App.Components.CategoryComponent.Test\Transaction.Storage.Srv.App.Components.CategoryComponent.Test.csproj", "{DA6F061E-3BF2-4056-868A-378645BD8CED}"
EndProject
Global
	GlobalSection(SolutionConfigurationPlatforms) = preSolution
		Debug|Any CPU = Debug|Any CPU
		Release|Any CPU = Release|Any CPU
	EndGlobalSection
	GlobalSection(SolutionProperties) = preSolution
		HideSolutionNode = FALSE
	EndGlobalSection
	GlobalSection(ProjectConfigurationPlatforms) = postSolution
		{E6CC5680-92AD-4358-B8A5-A6C0A2DE2F7B}.Debug|Any CPU.ActiveCfg = Debug|Any CPU
		{E6CC5680-92AD-4358-B8A5-A6C0A2DE2F7B}.Debug|Any CPU.Build.0 = Debug|Any CPU
		{E6CC5680-92AD-4358-B8A5-A6C0A2DE2F7B}.Release|Any CPU.ActiveCfg = Release|Any CPU
		{E6CC5680-92AD-4358-B8A5-A6C0A2DE2F7B}.Release|Any CPU.Build.0 = Release|Any CPU
		{50608113-F006-4711-9831-2CB60754E767}.Debug|Any CPU.ActiveCfg = Debug|Any CPU
		{50608113-F006-4711-9831-2CB60754E767}.Debug|Any CPU.Build.0 = Debug|Any CPU
		{50608113-F006-4711-9831-2CB60754E767}.Release|Any CPU.ActiveCfg = Release|Any CPU
		{50608113-F006-4711-9831-2CB60754E767}.Release|Any CPU.Build.0 = Release|Any CPU
		{D02209D7-DE60-44D5-97F2-86A8ACF53FC9}.Debug|Any CPU.ActiveCfg = Debug|Any CPU
		{D02209D7-DE60-44D5-97F2-86A8ACF53FC9}.Debug|Any CPU.Build.0 = Debug|Any CPU
		{D02209D7-DE60-44D5-97F2-86A8ACF53FC9}.Release|Any CPU.ActiveCfg = Release|Any CPU
		{D02209D7-DE60-44D5-97F2-86A8ACF53FC9}.Release|Any CPU.Build.0 = Release|Any CPU
		{2C322E36-BD75-4BD4-95DF-8938CCB43FF5}.Debug|Any CPU.ActiveCfg = Debug|Any CPU
		{2C322E36-BD75-4BD4-95DF-8938CCB43FF5}.Debug|Any CPU.Build.0 = Debug|Any CPU
		{2C322E36-BD75-4BD4-95DF-8938CCB43FF5}.Release|Any CPU.ActiveCfg = Release|Any CPU
		{2C322E36-BD75-4BD4-95DF-8938CCB43FF5}.Release|Any CPU.Build.0 = Release|Any CPU
		{40CD4528-71C0-4722-8362-9390DE369078}.Debug|Any CPU.ActiveCfg = Debug|Any CPU
		{40CD4528-71C0-4722-8362-9390DE369078}.Debug|Any CPU.Build.0 = Debug|Any CPU
		{40CD4528-71C0-4722-8362-9390DE369078}.Release|Any CPU.ActiveCfg = Release|Any CPU
		{40CD4528-71C0-4722-8362-9390DE369078}.Release|Any CPU.Build.0 = Release|Any CPU
		{021CB1B1-1178-476F-9D40-EA3D228F5F90}.Debug|Any CPU.ActiveCfg = Debug|Any CPU
		{021CB1B1-1178-476F-9D40-EA3D228F5F90}.Debug|Any CPU.Build.0 = Debug|Any CPU
		{021CB1B1-1178-476F-9D40-EA3D228F5F90}.Release|Any CPU.ActiveCfg = Release|Any CPU
		{021CB1B1-1178-476F-9D40-EA3D228F5F90}.Release|Any CPU.Build.0 = Release|Any CPU
		{250DF0E2-BEA1-4B79-90E2-BE532A128F17}.Debug|Any CPU.ActiveCfg = Debug|Any CPU
		{250DF0E2-BEA1-4B79-90E2-BE532A128F17}.Debug|Any CPU.Build.0 = Debug|Any CPU
		{250DF0E2-BEA1-4B79-90E2-BE532A128F17}.Release|Any CPU.ActiveCfg = Release|Any CPU
		{250DF0E2-BEA1-4B79-90E2-BE532A128F17}.Release|Any CPU.Build.0 = Release|Any CPU
		{547A1439-7150-4DDD-847A-BF0E7A7842F2}.Debug|Any CPU.ActiveCfg = Debug|Any CPU
		{547A1439-7150-4DDD-847A-BF0E7A7842F2}.Debug|Any CPU.Build.0 = Debug|Any CPU
		{547A1439-7150-4DDD-847A-BF0E7A7842F2}.Release|Any CPU.ActiveCfg = Release|Any CPU
		{547A1439-7150-4DDD-847A-BF0E7A7842F2}.Release|Any CPU.Build.0 = Release|Any CPU
		{03D47990-A7A5-4829-969E-C7A95D0CBFD6}.Debug|Any CPU.ActiveCfg = Debug|Any CPU
		{03D47990-A7A5-4829-969E-C7A95D0CBFD6}.Debug|Any CPU.Build.0 = Debug|Any CPU
		{03D47990-A7A5-4829-969E-C7A95D0CBFD6}.Release|Any CPU.ActiveCfg = Release|Any CPU
		{03D47990-A7A5-4829-969E-C7A95D0CBFD6}.Release|Any CPU.Build.0 = Release|Any CPU
		{135DD4AB-B845-4535-9BB0-02A7A7D40AED}.Debug|Any CPU.ActiveCfg = Debug|Any CPU
		{135DD4AB-B845-4535-9BB0-02A7A7D40AED}.Debug|Any CPU.Build.0 = Debug|Any CPU
		{135DD4AB-B845-4535-9BB0-02A7A7D40AED}.Release|Any CPU.ActiveCfg = Release|Any CPU
		{135DD4AB-B845-4535-9BB0-02A7A7D40AED}.Release|Any CPU.Build.0 = Release|Any CPU
		{A58FA423-4AD6-4853-BD6D-7D26429AA6FC}.Debug|Any CPU.ActiveCfg = Debug|Any CPU
		{A58FA423-4AD6-4853-BD6D-7D26429AA6FC}.Debug|Any CPU.Build.0 = Debug|Any CPU
		{A58FA423-4AD6-4853-BD6D-7D26429AA6FC}.Release|Any CPU.ActiveCfg = Release|Any CPU
		{A58FA423-4AD6-4853-BD6D-7D26429AA6FC}.Release|Any CPU.Build.0 = Release|Any CPU
		{D1599D95-DA9A-4BA7-915A-E1D58BAC5F5F}.Debug|Any CPU.ActiveCfg = Debug|Any CPU
		{D1599D95-DA9A-4BA7-915A-E1D58BAC5F5F}.Debug|Any CPU.Build.0 = Debug|Any CPU
		{D1599D95-DA9A-4BA7-915A-E1D58BAC5F5F}.Release|Any CPU.ActiveCfg = Release|Any CPU
		{D1599D95-DA9A-4BA7-915A-E1D58BAC5F5F}.Release|Any CPU.Build.0 = Release|Any CPU
		{A88D6DB7-8B46-4657-88EB-E8EDEFF7B8F8}.Debug|Any CPU.ActiveCfg = Debug|Any CPU
		{A88D6DB7-8B46-4657-88EB-E8EDEFF7B8F8}.Debug|Any CPU.Build.0 = Debug|Any CPU
		{A88D6DB7-8B46-4657-88EB-E8EDEFF7B8F8}.Release|Any CPU.ActiveCfg = Release|Any CPU
		{A88D6DB7-8B46-4657-88EB-E8EDEFF7B8F8}.Release|Any CPU.Build.0 = Release|Any CPU
		{DF21FC8C-B8F5-425A-A7CE-360845B79704}.Debug|Any CPU.ActiveCfg = Debug|Any CPU
		{DF21FC8C-B8F5-425A-A7CE-360845B79704}.Debug|Any CPU.Build.0 = Debug|Any CPU
		{DF21FC8C-B8F5-425A-A7CE-360845B79704}.Release|Any CPU.ActiveCfg = Release|Any CPU
		{DF21FC8C-B8F5-425A-A7CE-360845B79704}.Release|Any CPU.Build.0 = Release|Any CPU
		{AFD61500-56AF-497C-866B-BC35EBB8B5DC}.Debug|Any CPU.ActiveCfg = Debug|Any CPU
		{AFD61500-56AF-497C-866B-BC35EBB8B5DC}.Debug|Any CPU.Build.0 = Debug|Any CPU
		{AFD61500-56AF-497C-866B-BC35EBB8B5DC}.Release|Any CPU.ActiveCfg = Release|Any CPU
		{AFD61500-56AF-497C-866B-BC35EBB8B5DC}.Release|Any CPU.Build.0 = Release|Any CPU
		{A77D220D-95A1-4D98-8808-D8172862B506}.Debug|Any CPU.ActiveCfg = Debug|Any CPU
		{A77D220D-95A1-4D98-8808-D8172862B506}.Debug|Any CPU.Build.0 = Debug|Any CPU
		{A77D220D-95A1-4D98-8808-D8172862B506}.Release|Any CPU.ActiveCfg = Release|Any CPU
		{A77D220D-95A1-4D98-8808-D8172862B506}.Release|Any CPU.Build.0 = Release|Any CPU
		{9F66E7C0-7932-4829-B123-050F5CAB83A8}.Debug|Any CPU.ActiveCfg = Debug|Any CPU
		{9F66E7C0-7932-4829-B123-050F5CAB83A8}.Debug|Any CPU.Build.0 = Debug|Any CPU
		{9F66E7C0-7932-4829-B123-050F5CAB83A8}.Release|Any CPU.ActiveCfg = Release|Any CPU
		{9F66E7C0-7932-4829-B123-050F5CAB83A8}.Release|Any CPU.Build.0 = Release|Any CPU
		{1EF5CD6E-10C2-44DF-BBCA-3171F8328E3A}.Debug|Any CPU.ActiveCfg = Debug|Any CPU
		{1EF5CD6E-10C2-44DF-BBCA-3171F8328E3A}.Debug|Any CPU.Build.0 = Debug|Any CPU
		{1EF5CD6E-10C2-44DF-BBCA-3171F8328E3A}.Release|Any CPU.ActiveCfg = Release|Any CPU
		{1EF5CD6E-10C2-44DF-BBCA-3171F8328E3A}.Release|Any CPU.Build.0 = Release|Any CPU
		{6A0A513C-F072-4ADF-B182-828958601B65}.Debug|Any CPU.ActiveCfg = Debug|Any CPU
		{6A0A513C-F072-4ADF-B182-828958601B65}.Debug|Any CPU.Build.0 = Debug|Any CPU
		{6A0A513C-F072-4ADF-B182-828958601B65}.Release|Any CPU.ActiveCfg = Release|Any CPU
		{6A0A513C-F072-4ADF-B182-828958601B65}.Release|Any CPU.Build.0 = Release|Any CPU
		{732C0905-EDC1-4FF9-B4BF-5CB822B0FCA8}.Debug|Any CPU.ActiveCfg = Debug|Any CPU
		{732C0905-EDC1-4FF9-B4BF-5CB822B0FCA8}.Debug|Any CPU.Build.0 = Debug|Any CPU
		{732C0905-EDC1-4FF9-B4BF-5CB822B0FCA8}.Release|Any CPU.ActiveCfg = Release|Any CPU
		{732C0905-EDC1-4FF9-B4BF-5CB822B0FCA8}.Release|Any CPU.Build.0 = Release|Any CPU
		{DA6F061E-3BF2-4056-868A-378645BD8CED}.Debug|Any CPU.ActiveCfg = Debug|Any CPU
		{DA6F061E-3BF2-4056-868A-378645BD8CED}.Debug|Any CPU.Build.0 = Debug|Any CPU
		{DA6F061E-3BF2-4056-868A-378645BD8CED}.Release|Any CPU.ActiveCfg = Release|Any CPU
		{DA6F061E-3BF2-4056-868A-378645BD8CED}.Release|Any CPU.Build.0 = Release|Any CPU
	EndGlobalSection
	GlobalSection(NestedProjects) = preSolution
		{227C19D0-B594-42D4-B4E3-2EBB108D24C4} = {DF7BA0D6-3797-4D3F-9FD5-E68D20F757E7}
		{E6CC5680-92AD-4358-B8A5-A6C0A2DE2F7B} = {227C19D0-B594-42D4-B4E3-2EBB108D24C4}
		{50608113-F006-4711-9831-2CB60754E767} = {227C19D0-B594-42D4-B4E3-2EBB108D24C4}
		{D02209D7-DE60-44D5-97F2-86A8ACF53FC9} = {227C19D0-B594-42D4-B4E3-2EBB108D24C4}
		{2C322E36-BD75-4BD4-95DF-8938CCB43FF5} = {227C19D0-B594-42D4-B4E3-2EBB108D24C4}
		{072B3724-95D6-44A8-914C-0319E8E74C7B} = {DF7BA0D6-3797-4D3F-9FD5-E68D20F757E7}
		{30ABB99A-CE33-444C-BB90-ED282C29D774} = {072B3724-95D6-44A8-914C-0319E8E74C7B}
		{40CD4528-71C0-4722-8362-9390DE369078} = {30ABB99A-CE33-444C-BB90-ED282C29D774}
		{021CB1B1-1178-476F-9D40-EA3D228F5F90} = {30ABB99A-CE33-444C-BB90-ED282C29D774}
		{250DF0E2-BEA1-4B79-90E2-BE532A128F17} = {30ABB99A-CE33-444C-BB90-ED282C29D774}
		{547A1439-7150-4DDD-847A-BF0E7A7842F2} = {30ABB99A-CE33-444C-BB90-ED282C29D774}
		{03D47990-A7A5-4829-969E-C7A95D0CBFD6} = {30ABB99A-CE33-444C-BB90-ED282C29D774}
		{F0AEA6AB-F498-4516-BB96-C2B8E3ECB44D} = {DF7BA0D6-3797-4D3F-9FD5-E68D20F757E7}
		{E6EE1BB6-2FC6-4C59-8764-364AC76A46E7} = {F0AEA6AB-F498-4516-BB96-C2B8E3ECB44D}
		{135DD4AB-B845-4535-9BB0-02A7A7D40AED} = {E6EE1BB6-2FC6-4C59-8764-364AC76A46E7}
		{A58FA423-4AD6-4853-BD6D-7D26429AA6FC} = {E6EE1BB6-2FC6-4C59-8764-364AC76A46E7}
		{D1599D95-DA9A-4BA7-915A-E1D58BAC5F5F} = {072B3724-95D6-44A8-914C-0319E8E74C7B}
		{F919BF7C-E1E5-49B3-A274-C4CFF3BCBB4F} = {DF7BA0D6-3797-4D3F-9FD5-E68D20F757E7}
		{A88D6DB7-8B46-4657-88EB-E8EDEFF7B8F8} = {F919BF7C-E1E5-49B3-A274-C4CFF3BCBB4F}
		{53BC4D18-0094-4A74-880C-B1C528D97E43} = {3A4B819B-9C8F-47A7-B306-02610B49FF5B}
		{DF21FC8C-B8F5-425A-A7CE-360845B79704} = {53BC4D18-0094-4A74-880C-B1C528D97E43}
		{AE559D76-659E-46E1-AEEE-D6E5E06DAD37} = {3A4B819B-9C8F-47A7-B306-02610B49FF5B}
		{AFD61500-56AF-497C-866B-BC35EBB8B5DC} = {AE559D76-659E-46E1-AEEE-D6E5E06DAD37}
		{EC46BD33-C0BC-482D-B535-62FB37086E4D} = {3A4B819B-9C8F-47A7-B306-02610B49FF5B}
		{A77D220D-95A1-4D98-8808-D8172862B506} = {EC46BD33-C0BC-482D-B535-62FB37086E4D}
		{2B80C676-B6FE-4685-A238-2CA4CC3ADCB6} = {3A4B819B-9C8F-47A7-B306-02610B49FF5B}
		{9F66E7C0-7932-4829-B123-050F5CAB83A8} = {2B80C676-B6FE-4685-A238-2CA4CC3ADCB6}
		{A73659EC-E92C-49EE-99C2-DD028B71E323} = {2B80C676-B6FE-4685-A238-2CA4CC3ADCB6}
		{1EF5CD6E-10C2-44DF-BBCA-3171F8328E3A} = {A73659EC-E92C-49EE-99C2-DD028B71E323}
		{6A0A513C-F072-4ADF-B182-828958601B65} = {A73659EC-E92C-49EE-99C2-DD028B71E323}
		{732C0905-EDC1-4FF9-B4BF-5CB822B0FCA8} = {A73659EC-E92C-49EE-99C2-DD028B71E323}
		{DA6F061E-3BF2-4056-868A-378645BD8CED} = {A73659EC-E92C-49EE-99C2-DD028B71E323}
	EndGlobalSection
EndGlobal
